{
  "name": "@cyberblast/logger",
  "version": "0.0.3",
  "lockfileVersion": 1,
  "requires": true,
  "dependencies": {
    "@cyberblast/config": {
      "version": "0.0.3",
      "resolved": "https://registry.npmjs.org/@cyberblast/config/-/config-0.0.3.tgz",
      "integrity": "sha512-lA96fs7sQkPVuDCPqEKlH9niYOfK0cDeU3lngm2q9rjTq/Xsyj1Oncmspmo2a9ulab4cY+dW76D1cCsPp/50xw=="
    }
  }
}
