{
  "name": "@cyberblast/logger",
  "version": "0.0.8",
  "lockfileVersion": 1,
  "requires": true,
  "dependencies": {
    "@cyberblast/config": {
      "version": "0.0.8",
      "resolved": "https://registry.npmjs.org/@cyberblast/config/-/config-0.0.8.tgz",
      "integrity": "sha512-eakEe6SdZpn5oPCUZluSORTTJ3VelMAeT0qeEFm5JCXp3f2Tt5pUG8ROJ0bNtXiZmN380A8mrT+ROQ8Kryx6gw=="
    }
  }
}
