{
  "name": "@cyberblast/logger",
  "version": "0.0.3",
  "lockfileVersion": 1,
  "requires": true,
  "dependencies": {
    "@cyberblast/config": {
      "version": "0.0.2",
      "resolved": "https://registry.npmjs.org/@cyberblast/config/-/config-0.0.2.tgz",
      "integrity": "sha512-viNDdqCZPlOo71Ia+3BxotCx7fq7S6EA7hkrPxW+UCmmjnXz2A50ANi6SBkw1C2zZIr+f3at76d/ZXU0YFa2lg=="
    }
  }
}
